
Microsoft Visual Studio Solution File, Format Version 12.00
# Visual Studio 15
VisualStudioVersion = 15.0.28010.2003
MinimumVisualStudioVersion = 10.0.40219.1
Project("{FAE04EC0-301F-11D3-BF4B-00C04F79EFBC}") = "Funhall1.0", "Funhall1.0\Funhall1.0.csproj", "{70EC96D4-30C2-471A-946B-A85C52B220CE}"
EndProject
Global
	GlobalSection(SolutionConfigurationPlatforms) = preSolution
		Debug|Any CPU = Debug|Any CPU
		Release|Any CPU = Release|Any CPU
	EndGlobalSection
	GlobalSection(ProjectConfigurationPlatforms) = postSolution
		{70EC96D4-30C2-471A-946B-A85C52B220CE}.Debug|Any CPU.ActiveCfg = Debug|Any CPU
		{70EC96D4-30C2-471A-946B-A85C52B220CE}.Debug|Any CPU.Build.0 = Debug|Any CPU
		{70EC96D4-30C2-471A-946B-A85C52B220CE}.Release|Any CPU.ActiveCfg = Release|Any CPU
		{70EC96D4-30C2-471A-946B-A85C52B220CE}.Release|Any CPU.Build.0 = Release|Any CPU
	EndGlobalSection
	GlobalSection(SolutionProperties) = preSolution
		HideSolutionNode = FALSE
	EndGlobalSection
	GlobalSection(ExtensibilityGlobals) = postSolution
		SolutionGuid = {988C989E-6533-4DC9-869A-13C0C70B7D5F}
	EndGlobalSection
EndGlobal
